
Microsoft Visual Studio Solution File, Format Version 12.00
Project("{FAE04EC0-301F-11D3-BF4B-00C04F79EFBC}") = "ExtendableApp", "ExtendableApp\ExtendableApp.csproj", "{79B88794-0EB6-4C3C-9BAE-45A32A134358}"
EndProject
Project("{FAE04EC0-301F-11D3-BF4B-00C04F79EFBC}") = "SharedEventsAndCommands", "SharedEventsAndCommands\SharedEventsAndCommands.csproj", "{13A43026-A5F3-4AF6-9829-68B01D0716EB}"
EndProject
Project("{FAE04EC0-301F-11D3-BF4B-00C04F79EFBC}") = "ExtensionLibPrintFiveTimes", "ExtensionLibPrintFiveTimes\ExtensionLibPrintFiveTimes.csproj", "{50952E42-7217-4067-BF36-38D98D14AC6D}"
EndProject
Project("{FAE04EC0-301F-11D3-BF4B-00C04F79EFBC}") = "ExtensionLibLongRunTask", "ExtensionLibLongRunTask\ExtensionLibLongRunTask.csproj", "{AB56A732-AC1D-4A2C-989F-542FE2B487DB}"
EndProject
Project("{FAE04EC0-301F-11D3-BF4B-00C04F79EFBC}") = "ExtensionLibTwitter", "ExtensionLibTwitter\ExtensionLibTwitter.csproj", "{F75FE5ED-C1F4-464D-98B9-7F6DC18D0C71}"
EndProject
Project("{FAE04EC0-301F-11D3-BF4B-00C04F79EFBC}") = "PrintHaHa", "PrintHaHa\PrintHaHa.csproj", "{3A2CAE75-7242-4915-B306-D67802B709B0}"
EndProject
Global
	GlobalSection(SolutionConfigurationPlatforms) = preSolution
		Debug|Any CPU = Debug|Any CPU
		Release|Any CPU = Release|Any CPU
	EndGlobalSection
	GlobalSection(ProjectConfigurationPlatforms) = postSolution
		{79B88794-0EB6-4C3C-9BAE-45A32A134358}.Debug|Any CPU.ActiveCfg = Debug|Any CPU
		{79B88794-0EB6-4C3C-9BAE-45A32A134358}.Debug|Any CPU.Build.0 = Debug|Any CPU
		{79B88794-0EB6-4C3C-9BAE-45A32A134358}.Release|Any CPU.ActiveCfg = Release|Any CPU
		{79B88794-0EB6-4C3C-9BAE-45A32A134358}.Release|Any CPU.Build.0 = Release|Any CPU
		{13A43026-A5F3-4AF6-9829-68B01D0716EB}.Debug|Any CPU.ActiveCfg = Debug|Any CPU
		{13A43026-A5F3-4AF6-9829-68B01D0716EB}.Debug|Any CPU.Build.0 = Debug|Any CPU
		{13A43026-A5F3-4AF6-9829-68B01D0716EB}.Release|Any CPU.ActiveCfg = Release|Any CPU
		{13A43026-A5F3-4AF6-9829-68B01D0716EB}.Release|Any CPU.Build.0 = Release|Any CPU
		{50952E42-7217-4067-BF36-38D98D14AC6D}.Debug|Any CPU.ActiveCfg = Debug|Any CPU
		{50952E42-7217-4067-BF36-38D98D14AC6D}.Debug|Any CPU.Build.0 = Debug|Any CPU
		{50952E42-7217-4067-BF36-38D98D14AC6D}.Release|Any CPU.ActiveCfg = Release|Any CPU
		{50952E42-7217-4067-BF36-38D98D14AC6D}.Release|Any CPU.Build.0 = Release|Any CPU
		{AB56A732-AC1D-4A2C-989F-542FE2B487DB}.Debug|Any CPU.ActiveCfg = Debug|Any CPU
		{AB56A732-AC1D-4A2C-989F-542FE2B487DB}.Debug|Any CPU.Build.0 = Debug|Any CPU
		{AB56A732-AC1D-4A2C-989F-542FE2B487DB}.Release|Any CPU.ActiveCfg = Release|Any CPU
		{AB56A732-AC1D-4A2C-989F-542FE2B487DB}.Release|Any CPU.Build.0 = Release|Any CPU
		{F75FE5ED-C1F4-464D-98B9-7F6DC18D0C71}.Debug|Any CPU.ActiveCfg = Debug|Any CPU
		{F75FE5ED-C1F4-464D-98B9-7F6DC18D0C71}.Debug|Any CPU.Build.0 = Debug|Any CPU
		{F75FE5ED-C1F4-464D-98B9-7F6DC18D0C71}.Release|Any CPU.ActiveCfg = Release|Any CPU
		{F75FE5ED-C1F4-464D-98B9-7F6DC18D0C71}.Release|Any CPU.Build.0 = Release|Any CPU
		{3A2CAE75-7242-4915-B306-D67802B709B0}.Debug|Any CPU.ActiveCfg = Debug|Any CPU
		{3A2CAE75-7242-4915-B306-D67802B709B0}.Debug|Any CPU.Build.0 = Debug|Any CPU
		{3A2CAE75-7242-4915-B306-D67802B709B0}.Release|Any CPU.ActiveCfg = Release|Any CPU
		{3A2CAE75-7242-4915-B306-D67802B709B0}.Release|Any CPU.Build.0 = Release|Any CPU
	EndGlobalSection
EndGlobal
